
Microsoft Visual Studio Solution File, Format Version 12.00
# Visual Studio Version 17
VisualStudioVersion = 17.3.32922.545
MinimumVisualStudioVersion = 10.0.40219.1
Project("{FAE04EC0-301F-11D3-BF4B-00C04F79EFBC}") = "WeatherForecastService", "WeatherForecastService\WeatherForecastService.csproj", "{F512E683-0ACB-4ADA-B4C5-5ADC3D646086}"
EndProject
Global
	GlobalSection(SolutionConfigurationPlatforms) = preSolution
		Debug|Any CPU = Debug|Any CPU
		Release|Any CPU = Release|Any CPU
	EndGlobalSection
	GlobalSection(ProjectConfigurationPlatforms) = postSolution
		{F512E683-0ACB-4ADA-B4C5-5ADC3D646086}.Debug|Any CPU.ActiveCfg = Debug|Any CPU
		{F512E683-0ACB-4ADA-B4C5-5ADC3D646086}.Debug|Any CPU.Build.0 = Debug|Any CPU
		{F512E683-0ACB-4ADA-B4C5-5ADC3D646086}.Release|Any CPU.ActiveCfg = Release|Any CPU
		{F512E683-0ACB-4ADA-B4C5-5ADC3D646086}.Release|Any CPU.Build.0 = Release|Any CPU
	EndGlobalSection
	GlobalSection(SolutionProperties) = preSolution
		HideSolutionNode = FALSE
	EndGlobalSection
	GlobalSection(ExtensibilityGlobals) = postSolution
		SolutionGuid = {7ECA5C5F-26A4-4EF2-82CA-E0E2D28FCDB7}
	EndGlobalSection
EndGlobal
